// !$*UTF8*$!
{
	archiveVersion = 1;
	classes = {
	};
	objectVersion = 46;
	objects = {

/* Begin PBXBuildFile section */
		0012859E1B76F081000FB89B /* TextEntryCell.swift in Sources */ = {isa = PBXBuildFile; fileRef = 0012859D1B76F081000FB89B /* TextEntryCell.swift */; };
		008D24E51B76F2DA00174A25 /* TextEntryCell.swift in Sources */ = {isa = PBXBuildFile; fileRef = 0012859D1B76F081000FB89B /* TextEntryCell.swift */; };
		008D24E71B76F98B00174A25 /* UserInfoTVC.swift in Sources */ = {isa = PBXBuildFile; fileRef = 008D24E61B76F98B00174A25 /* UserInfoTVC.swift */; };
		008D24E91B77015900174A25 /* Globals.swift in Sources */ = {isa = PBXBuildFile; fileRef = 008D24E81B77015900174A25 /* Globals.swift */; };
		00F7C3371B76447500D15954 /* AppDelegate.swift in Sources */ = {isa = PBXBuildFile; fileRef = 00F7C3361B76447500D15954 /* AppDelegate.swift */; };
		00F7C33A1B76447500D15954 /* expo_livres_iOS.xcdatamodeld in Sources */ = {isa = PBXBuildFile; fileRef = 00F7C3381B76447500D15954 /* expo_livres_iOS.xcdatamodeld */; };
		00F7C33C1B76447500D15954 /* LandingPageVC.swift in Sources */ = {isa = PBXBuildFile; fileRef = 00F7C33B1B76447500D15954 /* LandingPageVC.swift */; };
		00F7C33F1B76447500D15954 /* Main.storyboard in Resources */ = {isa = PBXBuildFile; fileRef = 00F7C33D1B76447500D15954 /* Main.storyboard */; };
		00F7C3411B76447500D15954 /* Images.xcassets in Resources */ = {isa = PBXBuildFile; fileRef = 00F7C3401B76447500D15954 /* Images.xcassets */; };
		00F7C3441B76447500D15954 /* LaunchScreen.xib in Resources */ = {isa = PBXBuildFile; fileRef = 00F7C3421B76447500D15954 /* LaunchScreen.xib */; };
		00F7C3501B76447500D15954 /* expo_livres_iOSTests.swift in Sources */ = {isa = PBXBuildFile; fileRef = 00F7C34F1B76447500D15954 /* expo_livres_iOSTests.swift */; };
		00F7C35D1B7647BA00D15954 /* Book.swift in Sources */ = {isa = PBXBuildFile; fileRef = 00F7C35C1B7647BA00D15954 /* Book.swift */; };
		00F7C35E1B7647BA00D15954 /* Book.swift in Sources */ = {isa = PBXBuildFile; fileRef = 00F7C35C1B7647BA00D15954 /* Book.swift */; };
		00F7C3611B7654ED00D15954 /* LandingPageGradientButton.swift in Sources */ = {isa = PBXBuildFile; fileRef = 00F7C3601B7654ED00D15954 /* LandingPageGradientButton.swift */; };
		00F7C3621B7654ED00D15954 /* LandingPageGradientButton.swift in Sources */ = {isa = PBXBuildFile; fileRef = 00F7C3601B7654ED00D15954 /* LandingPageGradientButton.swift */; };
/* End PBXBuildFile section */

/* Begin PBXContainerItemProxy section */
		00F7C34A1B76447500D15954 /* PBXContainerItemProxy */ = {
			isa = PBXContainerItemProxy;
			containerPortal = 00F7C3291B76447500D15954 /* Project object */;
			proxyType = 1;
			remoteGlobalIDString = 00F7C3301B76447500D15954;
			remoteInfo = "expo-livres-iOS";
		};
/* End PBXContainerItemProxy section */

/* Begin PBXFileReference section */
		0012859D1B76F081000FB89B /* TextEntryCell.swift */ = {isa = PBXFileReference; fileEncoding = 4; lastKnownFileType = sourcecode.swift; path = TextEntryCell.swift; sourceTree = "<group>"; };
		008D24E61B76F98B00174A25 /* UserInfoTVC.swift */ = {isa = PBXFileReference; fileEncoding = 4; lastKnownFileType = sourcecode.swift; path = UserInfoTVC.swift; sourceTree = "<group>"; };
		008D24E81B77015900174A25 /* Globals.swift */ = {isa = PBXFileReference; fileEncoding = 4; lastKnownFileType = sourcecode.swift; path = Globals.swift; sourceTree = "<group>"; };
		00F7C3311B76447500D15954 /* expo-livres-iOS.app */ = {isa = PBXFileReference; explicitFileType = wrapper.application; includeInIndex = 0; path = "expo-livres-iOS.app"; sourceTree = BUILT_PRODUCTS_DIR; };
		00F7C3351B76447500D15954 /* Info.plist */ = {isa = PBXFileReference; lastKnownFileType = text.plist.xml; path = Info.plist; sourceTree = "<group>"; };
		00F7C3361B76447500D15954 /* AppDelegate.swift */ = {isa = PBXFileReference; lastKnownFileType = sourcecode.swift; path = AppDelegate.swift; sourceTree = "<group>"; };
		00F7C3391B76447500D15954 /* expo_livres_iOS.xcdatamodel */ = {isa = PBXFileReference; lastKnownFileType = wrapper.xcdatamodel; path = expo_livres_iOS.xcdatamodel; sourceTree = "<group>"; };
		00F7C33B1B76447500D15954 /* LandingPageVC.swift */ = {isa = PBXFileReference; lastKnownFileType = sourcecode.swift; path = LandingPageVC.swift; sourceTree = "<group>"; };
		00F7C33E1B76447500D15954 /* Base */ = {isa = PBXFileReference; lastKnownFileType = file.storyboard; name = Base; path = Base.lproj/Main.storyboard; sourceTree = "<group>"; };
		00F7C3401B76447500D15954 /* Images.xcassets */ = {isa = PBXFileReference; lastKnownFileType = folder.assetcatalog; path = Images.xcassets; sourceTree = "<group>"; };
		00F7C3431B76447500D15954 /* Base */ = {isa = PBXFileReference; lastKnownFileType = file.xib; name = Base; path = Base.lproj/LaunchScreen.xib; sourceTree = "<group>"; };
		00F7C3491B76447500D15954 /* expo-livres-iOSTests.xctest */ = {isa = PBXFileReference; explicitFileType = wrapper.cfbundle; includeInIndex = 0; path = "expo-livres-iOSTests.xctest"; sourceTree = BUILT_PRODUCTS_DIR; };
		00F7C34E1B76447500D15954 /* Info.plist */ = {isa = PBXFileReference; lastKnownFileType = text.plist.xml; path = Info.plist; sourceTree = "<group>"; };
		00F7C34F1B76447500D15954 /* expo_livres_iOSTests.swift */ = {isa = PBXFileReference; lastKnownFileType = sourcecode.swift; path = expo_livres_iOSTests.swift; sourceTree = "<group>"; };
		00F7C35C1B7647BA00D15954 /* Book.swift */ = {isa = PBXFileReference; fileEncoding = 4; lastKnownFileType = sourcecode.swift; path = Book.swift; sourceTree = "<group>"; };
		00F7C3601B7654ED00D15954 /* LandingPageGradientButton.swift */ = {isa = PBXFileReference; fileEncoding = 4; lastKnownFileType = sourcecode.swift; path = LandingPageGradientButton.swift; sourceTree = "<group>"; };
/* End PBXFileReference section */

/* Begin PBXFrameworksBuildPhase section */
		00F7C32E1B76447500D15954 /* Frameworks */ = {
			isa = PBXFrameworksBuildPhase;
			buildActionMask = 2147483647;
			files = (
			);
			runOnlyForDeploymentPostprocessing = 0;
		};
		00F7C3461B76447500D15954 /* Frameworks */ = {
			isa = PBXFrameworksBuildPhase;
			buildActionMask = 2147483647;
			files = (
			);
			runOnlyForDeploymentPostprocessing = 0;
		};
/* End PBXFrameworksBuildPhase section */

/* Begin PBXGroup section */
		00F7C3281B76447500D15954 = {
			isa = PBXGroup;
			children = (
				00F7C3331B76447500D15954 /* expo-livres-iOS */,
				00F7C34C1B76447500D15954 /* expo-livres-iOSTests */,
				00F7C3321B76447500D15954 /* Products */,
			);
			sourceTree = "<group>";
		};
		00F7C3321B76447500D15954 /* Products */ = {
			isa = PBXGroup;
			children = (
				00F7C3311B76447500D15954 /* expo-livres-iOS.app */,
				00F7C3491B76447500D15954 /* expo-livres-iOSTests.xctest */,
			);
			name = Products;
			sourceTree = "<group>";
		};
		00F7C3331B76447500D15954 /* expo-livres-iOS */ = {
			isa = PBXGroup;
			children = (
				00F7C3591B7646FA00D15954 /* Model */,
				00F7C35A1B76470D00D15954 /* View */,
				00F7C35B1B76471800D15954 /* Controller */,
				00F7C3631B7654F100D15954 /* Controls */,
				008D24E81B77015900174A25 /* Globals.swift */,
				00F7C3341B76447500D15954 /* Supporting Files */,
			);
			path = "expo-livres-iOS";
			sourceTree = "<group>";
		};
		00F7C3341B76447500D15954 /* Supporting Files */ = {
			isa = PBXGroup;
			children = (
				00F7C3351B76447500D15954 /* Info.plist */,
			);
			name = "Supporting Files";
			sourceTree = "<group>";
		};
		00F7C34C1B76447500D15954 /* expo-livres-iOSTests */ = {
			isa = PBXGroup;
			children = (
				00F7C34F1B76447500D15954 /* expo_livres_iOSTests.swift */,
				00F7C34D1B76447500D15954 /* Supporting Files */,
			);
			path = "expo-livres-iOSTests";
			sourceTree = "<group>";
		};
		00F7C34D1B76447500D15954 /* Supporting Files */ = {
			isa = PBXGroup;
			children = (
				00F7C34E1B76447500D15954 /* Info.plist */,
			);
			name = "Supporting Files";
			sourceTree = "<group>";
		};
		00F7C3591B7646FA00D15954 /* Model */ = {
			isa = PBXGroup;
			children = (
				00F7C3381B76447500D15954 /* expo_livres_iOS.xcdatamodeld */,
				00F7C35C1B7647BA00D15954 /* Book.swift */,
			);
			name = Model;
			sourceTree = "<group>";
		};
		00F7C35A1B76470D00D15954 /* View */ = {
			isa = PBXGroup;
			children = (
				00F7C33D1B76447500D15954 /* Main.storyboard */,
				00F7C3401B76447500D15954 /* Images.xcassets */,
				00F7C3421B76447500D15954 /* LaunchScreen.xib */,
				0012859D1B76F081000FB89B /* TextEntryCell.swift */,
			);
			name = View;
			sourceTree = "<group>";
		};
		00F7C35B1B76471800D15954 /* Controller */ = {
			isa = PBXGroup;
			children = (
				00F7C3361B76447500D15954 /* AppDelegate.swift */,
				00F7C33B1B76447500D15954 /* LandingPageVC.swift */,
				008D24E61B76F98B00174A25 /* UserInfoTVC.swift */,
			);
			name = Controller;
			sourceTree = "<group>";
		};
		00F7C3631B7654F100D15954 /* Controls */ = {
			isa = PBXGroup;
			children = (
				00F7C3601B7654ED00D15954 /* LandingPageGradientButton.swift */,
			);
			name = Controls;
			sourceTree = "<group>";
		};
/* End PBXGroup section */

/* Begin PBXNativeTarget section */
		00F7C3301B76447500D15954 /* expo-livres-iOS */ = {
			isa = PBXNativeTarget;
			buildConfigurationList = 00F7C3531B76447500D15954 /* Build configuration list for PBXNativeTarget "expo-livres-iOS" */;
			buildPhases = (
				00F7C32D1B76447500D15954 /* Sources */,
				00F7C32E1B76447500D15954 /* Frameworks */,
				00F7C32F1B76447500D15954 /* Resources */,
			);
			buildRules = (
			);
			dependencies = (
			);
			name = "expo-livres-iOS";
			productName = "expo-livres-iOS";
			productReference = 00F7C3311B76447500D15954 /* expo-livres-iOS.app */;
			productType = "com.apple.product-type.application";
		};
		00F7C3481B76447500D15954 /* expo-livres-iOSTests */ = {
			isa = PBXNativeTarget;
			buildConfigurationList = 00F7C3561B76447500D15954 /* Build configuration list for PBXNativeTarget "expo-livres-iOSTests" */;
			buildPhases = (
				00F7C3451B76447500D15954 /* Sources */,
				00F7C3461B76447500D15954 /* Frameworks */,
				00F7C3471B76447500D15954 /* Resources */,
			);
			buildRules = (
			);
			dependencies = (
				00F7C34B1B76447500D15954 /* PBXTargetDependency */,
			);
			name = "expo-livres-iOSTests";
			productName = "expo-livres-iOSTests";
			productReference = 00F7C3491B76447500D15954 /* expo-livres-iOSTests.xctest */;
			productType = "com.apple.product-type.bundle.unit-test";
		};
/* End PBXNativeTarget section */

/* Begin PBXProject section */
		00F7C3291B76447500D15954 /* Project object */ = {
			isa = PBXProject;
			attributes = {
				LastUpgradeCheck = 0640;
				ORGANIZATIONNAME = "Jeffrey Fulton";
				TargetAttributes = {
					00F7C3301B76447500D15954 = {
						CreatedOnToolsVersion = 6.4;
					};
					00F7C3481B76447500D15954 = {
						CreatedOnToolsVersion = 6.4;
						TestTargetID = 00F7C3301B76447500D15954;
					};
				};
			};
			buildConfigurationList = 00F7C32C1B76447500D15954 /* Build configuration list for PBXProject "expo-livres-iOS" */;
			compatibilityVersion = "Xcode 3.2";
			developmentRegion = English;
			hasScannedForEncodings = 0;
			knownRegions = (
				en,
				Base,
			);
			mainGroup = 00F7C3281B76447500D15954;
			productRefGroup = 00F7C3321B76447500D15954 /* Products */;
			projectDirPath = "";
			projectRoot = "";
			targets = (
				00F7C3301B76447500D15954 /* expo-livres-iOS */,
				00F7C3481B76447500D15954 /* expo-livres-iOSTests */,
			);
		};
/* End PBXProject section */

/* Begin PBXResourcesBuildPhase section */
		00F7C32F1B76447500D15954 /* Resources */ = {
			isa = PBXResourcesBuildPhase;
			buildActionMask = 2147483647;
			files = (
				00F7C33F1B76447500D15954 /* Main.storyboard in Resources */,
				00F7C3441B76447500D15954 /* LaunchScreen.xib in Resources */,
				00F7C3411B76447500D15954 /* Images.xcassets in Resources */,
			);
			runOnlyForDeploymentPostprocessing = 0;
		};
		00F7C3471B76447500D15954 /* Resources */ = {
			isa = PBXResourcesBuildPhase;
			buildActionMask = 2147483647;
			files = (
			);
			runOnlyForDeploymentPostprocessing = 0;
		};
/* End PBXResourcesBuildPhase section */

/* Begin PBXSourcesBuildPhase section */
		00F7C32D1B76447500D15954 /* Sources */ = {
			isa = PBXSourcesBuildPhase;
			buildActionMask = 2147483647;
			files = (
				0012859E1B76F081000FB89B /* TextEntryCell.swift in Sources */,
				00F7C35D1B7647BA00D15954 /* Book.swift in Sources */,
				00F7C33C1B76447500D15954 /* LandingPageVC.swift in Sources */,
				00F7C3611B7654ED00D15954 /* LandingPageGradientButton.swift in Sources */,
				008D24E71B76F98B00174A25 /* UserInfoTVC.swift in Sources */,
				00F7C33A1B76447500D15954 /* expo_livres_iOS.xcdatamodeld in Sources */,
				00F7C3371B76447500D15954 /* AppDelegate.swift in Sources */,
				008D24E91B77015900174A25 /* Globals.swift in Sources */,
			);
			runOnlyForDeploymentPostprocessing = 0;
		};
		00F7C3451B76447500D15954 /* Sources */ = {
			isa = PBXSourcesBuildPhase;
			buildActionMask = 2147483647;
			files = (
				00F7C35E1B7647BA00D15954 /* Book.swift in Sources */,
				008D24E51B76F2DA00174A25 /* TextEntryCell.swift in Sources */,
				00F7C3501B76447500D15954 /* expo_livres_iOSTests.swift in Sources */,
				00F7C3621B7654ED00D15954 /* LandingPageGradientButton.swift in Sources */,
			);
			runOnlyForDeploymentPostprocessing = 0;
		};
/* End PBXSourcesBuildPhase section */

/* Begin PBXTargetDependency section */
		00F7C34B1B76447500D15954 /* PBXTargetDependency */ = {
			isa = PBXTargetDependency;
			target = 00F7C3301B76447500D15954 /* expo-livres-iOS */;
			targetProxy = 00F7C34A1B76447500D15954 /* PBXContainerItemProxy */;
		};
/* End PBXTargetDependency section */

/* Begin PBXVariantGroup section */
		00F7C33D1B76447500D15954 /* Main.storyboard */ = {
			isa = PBXVariantGroup;
			children = (
				00F7C33E1B76447500D15954 /* Base */,
			);
			name = Main.storyboard;
			sourceTree = "<group>";
		};
		00F7C3421B76447500D15954 /* LaunchScreen.xib */ = {
			isa = PBXVariantGroup;
			children = (
				00F7C3431B76447500D15954 /* Base */,
			);
			name = LaunchScreen.xib;
			sourceTree = "<group>";
		};
/* End PBXVariantGroup section */

/* Begin XCBuildConfiguration section */
		00F7C3511B76447500D15954 /* Debug */ = {
			isa = XCBuildConfiguration;
			buildSettings = {
				ALWAYS_SEARCH_USER_PATHS = NO;
				CLANG_CXX_LANGUAGE_STANDARD = "gnu++0x";
				CLANG_CXX_LIBRARY = "libc++";
				CLANG_ENABLE_MODULES = YES;
				CLANG_ENABLE_OBJC_ARC = YES;
				CLANG_WARN_BOOL_CONVERSION = YES;
				CLANG_WARN_CONSTANT_CONVERSION = YES;
				CLANG_WARN_DIRECT_OBJC_ISA_USAGE = YES_ERROR;
				CLANG_WARN_EMPTY_BODY = YES;
				CLANG_WARN_ENUM_CONVERSION = YES;
				CLANG_WARN_INT_CONVERSION = YES;
				CLANG_WARN_OBJC_ROOT_CLASS = YES_ERROR;
				CLANG_WARN_UNREACHABLE_CODE = YES;
				CLANG_WARN__DUPLICATE_METHOD_MATCH = YES;
				"CODE_SIGN_IDENTITY[sdk=iphoneos*]" = "iPhone Developer";
				COPY_PHASE_STRIP = NO;
				DEBUG_INFORMATION_FORMAT = "dwarf-with-dsym";
				ENABLE_STRICT_OBJC_MSGSEND = YES;
				GCC_C_LANGUAGE_STANDARD = gnu99;
				GCC_DYNAMIC_NO_PIC = NO;
				GCC_NO_COMMON_BLOCKS = YES;
				GCC_OPTIMIZATION_LEVEL = 0;
				GCC_PREPROCESSOR_DEFINITIONS = (
					"DEBUG=1",
					"$(inherited)",
				);
				GCC_SYMBOLS_PRIVATE_EXTERN = NO;
				GCC_WARN_64_TO_32_BIT_CONVERSION = YES;
				GCC_WARN_ABOUT_RETURN_TYPE = YES_ERROR;
				GCC_WARN_UNDECLARED_SELECTOR = YES;
				GCC_WARN_UNINITIALIZED_AUTOS = YES_AGGRESSIVE;
				GCC_WARN_UNUSED_FUNCTION = YES;
				GCC_WARN_UNUSED_VARIABLE = YES;
				IPHONEOS_DEPLOYMENT_TARGET = 8.0;
				MTL_ENABLE_DEBUG_INFO = YES;
				ONLY_ACTIVE_ARCH = YES;
				SDKROOT = iphoneos;
				SWIFT_OPTIMIZATION_LEVEL = "-Onone";
				TARGETED_DEVICE_FAMILY = "1,2";
			};
			name = Debug;
		};
		00F7C3521B76447500D15954 /* Release */ = {
			isa = XCBuildConfiguration;
			buildSettings = {
				ALWAYS_SEARCH_USER_PATHS = NO;
				CLANG_CXX_LANGUAGE_STANDARD = "gnu++0x";
				CLANG_CXX_LIBRARY = "libc++";
				CLANG_ENABLE_MODULES = YES;
				CLANG_ENABLE_OBJC_ARC = YES;
				CLANG_WARN_BOOL_CONVERSION = YES;
				CLANG_WARN_CONSTANT_CONVERSION = YES;
				CLANG_WARN_DIRECT_OBJC_ISA_USAGE = YES_ERROR;
				CLANG_WARN_EMPTY_BODY = YES;
				CLANG_WARN_ENUM_CONVERSION = YES;
				CLANG_WARN_INT_CONVERSION = YES;
				CLANG_WARN_OBJC_ROOT_CLASS = YES_ERROR;
				CLANG_WARN_UNREACHABLE_CODE = YES;
				CLANG_WARN__DUPLICATE_METHOD_MATCH = YES;
				"CODE_SIGN_IDENTITY[sdk=iphoneos*]" = "iPhone Developer";
				COPY_PHASE_STRIP = NO;
				DEBUG_INFORMATION_FORMAT = "dwarf-with-dsym";
				ENABLE_NS_ASSERTIONS = NO;
				ENABLE_STRICT_OBJC_MSGSEND = YES;
				GCC_C_LANGUAGE_STANDARD = gnu99;
				GCC_NO_COMMON_BLOCKS = YES;
				GCC_WARN_64_TO_32_BIT_CONVERSION = YES;
				GCC_WARN_ABOUT_RETURN_TYPE = YES_ERROR;
				GCC_WARN_UNDECLARED_SELECTOR = YES;
				GCC_WARN_UNINITIALIZED_AUTOS = YES_AGGRESSIVE;
				GCC_WARN_UNUSED_FUNCTION = YES;
				GCC_WARN_UNUSED_VARIABLE = YES;
				IPHONEOS_DEPLOYMENT_TARGET = 8.0;
				MTL_ENABLE_DEBUG_INFO = NO;
				SDKROOT = iphoneos;
				TARGETED_DEVICE_FAMILY = "1,2";
				VALIDATE_PRODUCT = YES;
			};
			name = Release;
		};
		00F7C3541B76447500D15954 /* Debug */ = {
			isa = XCBuildConfiguration;
			buildSettings = {
				ASSETCATALOG_COMPILER_APPICON_NAME = AppIcon;
				INFOPLIST_FILE = "expo-livres-iOS/Info.plist";
				LD_RUNPATH_SEARCH_PATHS = "$(inherited) @executable_path/Frameworks";
				PRODUCT_NAME = "$(TARGET_NAME)";
			};
			name = Debug;
		};
		00F7C3551B76447500D15954 /* Release */ = {
			isa = XCBuildConfiguration;
			buildSettings = {
				ASSETCATALOG_COMPILER_APPICON_NAME = AppIcon;
				INFOPLIST_FILE = "expo-livres-iOS/Info.plist";
				LD_RUNPATH_SEARCH_PATHS = "$(inherited) @executable_path/Frameworks";
				PRODUCT_NAME = "$(TARGET_NAME)";
			};
			name = Release;
		};
		00F7C3571B76447500D15954 /* Debug */ = {
			isa = XCBuildConfiguration;
			buildSettings = {
				BUNDLE_LOADER = "$(TEST_HOST)";
				FRAMEWORK_SEARCH_PATHS = (
					"$(SDKROOT)/Developer/Library/Frameworks",
					"$(inherited)",
				);
				GCC_PREPROCESSOR_DEFINITIONS = (
					"DEBUG=1",
					"$(inherited)",
				);
				INFOPLIST_FILE = "expo-livres-iOSTests/Info.plist";
				LD_RUNPATH_SEARCH_PATHS = "$(inherited) @executable_path/Frameworks @loader_path/Frameworks";
				PRODUCT_NAME = "$(TARGET_NAME)";
				TEST_HOST = "$(BUILT_PRODUCTS_DIR)/expo-livres-iOS.app/expo-livres-iOS";
			};
			name = Debug;
		};
		00F7C3581B76447500D15954 /* Release */ = {
			isa = XCBuildConfiguration;
			buildSettings = {
				BUNDLE_LOADER = "$(TEST_HOST)";
				FRAMEWORK_SEARCH_PATHS = (
					"$(SDKROOT)/Developer/Library/Frameworks",
					"$(inherited)",
				);
				INFOPLIST_FILE = "expo-livres-iOSTests/Info.plist";
				LD_RUNPATH_SEARCH_PATHS = "$(inherited) @executable_path/Frameworks @loader_path/Frameworks";
				PRODUCT_NAME = "$(TARGET_NAME)";
				TEST_HOST = "$(BUILT_PRODUCTS_DIR)/expo-livres-iOS.app/expo-livres-iOS";
			};
			name = Release;
		};
/* End XCBuildConfiguration section */

/* Begin XCConfigurationList section */
		00F7C32C1B76447500D15954 /* Build configuration list for PBXProject "expo-livres-iOS" */ = {
			isa = XCConfigurationList;
			buildConfigurations = (
				00F7C3511B76447500D15954 /* Debug */,
				00F7C3521B76447500D15954 /* Release */,
			);
			defaultConfigurationIsVisible = 0;
			defaultConfigurationName = Release;
		};
		00F7C3531B76447500D15954 /* Build configuration list for PBXNativeTarget "expo-livres-iOS" */ = {
			isa = XCConfigurationList;
			buildConfigurations = (
				00F7C3541B76447500D15954 /* Debug */,
				00F7C3551B76447500D15954 /* Release */,
			);
			defaultConfigurationIsVisible = 0;
			defaultConfigurationName = Release;
		};
		00F7C3561B76447500D15954 /* Build configuration list for PBXNativeTarget "expo-livres-iOSTests" */ = {
			isa = XCConfigurationList;
			buildConfigurations = (
				00F7C3571B76447500D15954 /* Debug */,
				00F7C3581B76447500D15954 /* Release */,
			);
			defaultConfigurationIsVisible = 0;
			defaultConfigurationName = Release;
		};
/* End XCConfigurationList section */

/* Begin XCVersionGroup section */
		00F7C3381B76447500D15954 /* expo_livres_iOS.xcdatamodeld */ = {
			isa = XCVersionGroup;
			children = (
				00F7C3391B76447500D15954 /* expo_livres_iOS.xcdatamodel */,
			);
			currentVersion = 00F7C3391B76447500D15954 /* expo_livres_iOS.xcdatamodel */;
			path = expo_livres_iOS.xcdatamodeld;
			sourceTree = "<group>";
			versionGroupType = wrapper.xcdatamodel;
		};
/* End XCVersionGroup section */
	};
	rootObject = 00F7C3291B76447500D15954 /* Project object */;
}
